
Microsoft Visual Studio Solution File, Format Version 12.00
# Visual Studio Version 17
VisualStudioVersion = 17.9.34616.47
MinimumVisualStudioVersion = 10.0.40219.1
Project("{2150E333-8FDC-42A3-9474-1A3956D46DE8}") = "src", "src", "{02EA681E-C7D8-13C7-8484-4AC65E1B71E8}"
EndProject
Project("{2150E333-8FDC-42A3-9474-1A3956D46DE8}") = "tests", "tests", "{0B08E326-A8FB-408F-B586-609EB5045B69}"
EndProject
Project("{FAE04EC0-301F-11D3-BF4B-00C04F79EFBC}") = "TELERADIOLOGY.Application", "src\TELERADIOLOGY.Application\TELERADIOLOGY.Application.csproj", "{991D188E-27EE-329F-608E-1674CEC62B36}"
EndProject
Project("{FAE04EC0-301F-11D3-BF4B-00C04F79EFBC}") = "TELERADIOLOGY.Domain", "src\TELERADIOLOGY.Domain\TELERADIOLOGY.Domain.csproj", "{9287A0FE-9019-ECE3-1665-56CCCFA20195}"
EndProject
Project("{FAE04EC0-301F-11D3-BF4B-00C04F79EFBC}") = "TELERADIOLOGY.Infrastructure", "src\TELERADIOLOGY.Infrastructure\TELERADIOLOGY.Infrastructure.csproj", "{232A0CE5-8C2D-BF60-A90F-E4808B96746F}"
EndProject
Project("{FAE04EC0-301F-11D3-BF4B-00C04F79EFBC}") = "TELERADIOLOGY.WebAPI", "src\TELERADIOLOGY.WebAPI\TELERADIOLOGY.WebAPI.csproj", "{9B74A73C-220D-D39A-39DE-E8B1C2409880}"
EndProject
Project("{FAE04EC0-301F-11D3-BF4B-00C04F79EFBC}") = "TELERADIOLOGY.Test", "tests\TELERADIOLOGY.Test\TELERADIOLOGY.Test.csproj", "{B616CBA5-0D41-D3D0-BE81-93E2512DA9F6}"
EndProject
Project("{2150E333-8FDC-42A3-9474-1A3956D46DE8}") = "Solution Items", "Solution Items", "{8EC462FD-D22E-90A8-E5CE-7E832BA40C5D}"
EndProject
Global
	GlobalSection(SolutionConfigurationPlatforms) = preSolution
		Debug|Any CPU = Debug|Any CPU
		Release|Any CPU = Release|Any CPU
	EndGlobalSection
	GlobalSection(ProjectConfigurationPlatforms) = postSolution
		{991D188E-27EE-329F-608E-1674CEC62B36}.Debug|Any CPU.ActiveCfg = Debug|Any CPU
		{991D188E-27EE-329F-608E-1674CEC62B36}.Debug|Any CPU.Build.0 = Debug|Any CPU
		{991D188E-27EE-329F-608E-1674CEC62B36}.Release|Any CPU.ActiveCfg = Release|Any CPU
		{991D188E-27EE-329F-608E-1674CEC62B36}.Release|Any CPU.Build.0 = Release|Any CPU
		{9287A0FE-9019-ECE3-1665-56CCCFA20195}.Debug|Any CPU.ActiveCfg = Debug|Any CPU
		{9287A0FE-9019-ECE3-1665-56CCCFA20195}.Debug|Any CPU.Build.0 = Debug|Any CPU
		{9287A0FE-9019-ECE3-1665-56CCCFA20195}.Release|Any CPU.ActiveCfg = Release|Any CPU
		{9287A0FE-9019-ECE3-1665-56CCCFA20195}.Release|Any CPU.Build.0 = Release|Any CPU
		{232A0CE5-8C2D-BF60-A90F-E4808B96746F}.Debug|Any CPU.ActiveCfg = Debug|Any CPU
		{232A0CE5-8C2D-BF60-A90F-E4808B96746F}.Debug|Any CPU.Build.0 = Debug|Any CPU
		{232A0CE5-8C2D-BF60-A90F-E4808B96746F}.Release|Any CPU.ActiveCfg = Release|Any CPU
		{232A0CE5-8C2D-BF60-A90F-E4808B96746F}.Release|Any CPU.Build.0 = Release|Any CPU
		{9B74A73C-220D-D39A-39DE-E8B1C2409880}.Debug|Any CPU.ActiveCfg = Debug|Any CPU
		{9B74A73C-220D-D39A-39DE-E8B1C2409880}.Debug|Any CPU.Build.0 = Debug|Any CPU
		{9B74A73C-220D-D39A-39DE-E8B1C2409880}.Release|Any CPU.ActiveCfg = Release|Any CPU
		{9B74A73C-220D-D39A-39DE-E8B1C2409880}.Release|Any CPU.Build.0 = Release|Any CPU
		{B616CBA5-0D41-D3D0-BE81-93E2512DA9F6}.Debug|Any CPU.ActiveCfg = Debug|Any CPU
		{B616CBA5-0D41-D3D0-BE81-93E2512DA9F6}.Debug|Any CPU.Build.0 = Debug|Any CPU
		{B616CBA5-0D41-D3D0-BE81-93E2512DA9F6}.Release|Any CPU.ActiveCfg = Release|Any CPU
		{B616CBA5-0D41-D3D0-BE81-93E2512DA9F6}.Release|Any CPU.Build.0 = Release|Any CPU
	EndGlobalSection
	GlobalSection(SolutionProperties) = preSolution
		HideSolutionNode = FALSE
	EndGlobalSection
	GlobalSection(NestedProjects) = preSolution
		{991D188E-27EE-329F-608E-1674CEC62B36} = {02EA681E-C7D8-13C7-8484-4AC65E1B71E8}
		{9287A0FE-9019-ECE3-1665-56CCCFA20195} = {02EA681E-C7D8-13C7-8484-4AC65E1B71E8}
		{232A0CE5-8C2D-BF60-A90F-E4808B96746F} = {02EA681E-C7D8-13C7-8484-4AC65E1B71E8}
		{9B74A73C-220D-D39A-39DE-E8B1C2409880} = {02EA681E-C7D8-13C7-8484-4AC65E1B71E8}
		{B616CBA5-0D41-D3D0-BE81-93E2512DA9F6} = {0B08E326-A8FB-408F-B586-609EB5045B69}
	EndGlobalSection
	GlobalSection(ExtensibilityGlobals) = postSolution
		SolutionGuid = {D0FE2350-A004-416E-95C1-3FBE612BAFBF}
	EndGlobalSection
EndGlobal
